// !$*UTF8*$!
{
	archiveVersion = 1;
	classes = {
	};
	objectVersion = 50;
	objects = {

/* Begin PBXBuildFile section */
		184D268F263DA613006AC0E2 /* FindVC.swift in Sources */ = {isa = PBXBuildFile; fileRef = 184D268E263DA613006AC0E2 /* FindVC.swift */; };
		184D2692263DA631006AC0E2 /* DownloadsVC.swift in Sources */ = {isa = PBXBuildFile; fileRef = 184D2691263DA631006AC0E2 /* DownloadsVC.swift */; };
		184D2695263DA643006AC0E2 /* MyStuffVC.swift in Sources */ = {isa = PBXBuildFile; fileRef = 184D2694263DA643006AC0E2 /* MyStuffVC.swift */; };
		18EEAF2B263D704600B4672D /* AppDelegate.swift in Sources */ = {isa = PBXBuildFile; fileRef = 18EEAF2A263D704600B4672D /* AppDelegate.swift */; };
		18EEAF2D263D704600B4672D /* SceneDelegate.swift in Sources */ = {isa = PBXBuildFile; fileRef = 18EEAF2C263D704600B4672D /* SceneDelegate.swift */; };
		18EEAF2F263D704600B4672D /* HomeVC.swift in Sources */ = {isa = PBXBuildFile; fileRef = 18EEAF2E263D704600B4672D /* HomeVC.swift */; };
		18EEAF32263D704600B4672D /* Main.storyboard in Resources */ = {isa = PBXBuildFile; fileRef = 18EEAF30263D704600B4672D /* Main.storyboard */; };
		18EEAF34263D704B00B4672D /* Assets.xcassets in Resources */ = {isa = PBXBuildFile; fileRef = 18EEAF33263D704B00B4672D /* Assets.xcassets */; };
		18EEAF37263D704B00B4672D /* LaunchScreen.storyboard in Resources */ = {isa = PBXBuildFile; fileRef = 18EEAF35263D704B00B4672D /* LaunchScreen.storyboard */; };
/* End PBXBuildFile section */

/* Begin PBXFileReference section */
		184D268E263DA613006AC0E2 /* FindVC.swift */ = {isa = PBXFileReference; lastKnownFileType = sourcecode.swift; path = FindVC.swift; sourceTree = "<group>"; };
		184D2691263DA631006AC0E2 /* DownloadsVC.swift */ = {isa = PBXFileReference; lastKnownFileType = sourcecode.swift; path = DownloadsVC.swift; sourceTree = "<group>"; };
		184D2694263DA643006AC0E2 /* MyStuffVC.swift */ = {isa = PBXFileReference; lastKnownFileType = sourcecode.swift; path = MyStuffVC.swift; sourceTree = "<group>"; };
		18EEAF27263D704600B4672D /* PrimeVideo.app */ = {isa = PBXFileReference; explicitFileType = wrapper.application; includeInIndex = 0; path = PrimeVideo.app; sourceTree = BUILT_PRODUCTS_DIR; };
		18EEAF2A263D704600B4672D /* AppDelegate.swift */ = {isa = PBXFileReference; lastKnownFileType = sourcecode.swift; path = AppDelegate.swift; sourceTree = "<group>"; };
		18EEAF2C263D704600B4672D /* SceneDelegate.swift */ = {isa = PBXFileReference; lastKnownFileType = sourcecode.swift; path = SceneDelegate.swift; sourceTree = "<group>"; };
		18EEAF2E263D704600B4672D /* HomeVC.swift */ = {isa = PBXFileReference; lastKnownFileType = sourcecode.swift; path = HomeVC.swift; sourceTree = "<group>"; };
		18EEAF31263D704600B4672D /* Base */ = {isa = PBXFileReference; lastKnownFileType = file.storyboard; name = Base; path = Base.lproj/Main.storyboard; sourceTree = "<group>"; };
		18EEAF33263D704B00B4672D /* Assets.xcassets */ = {isa = PBXFileReference; lastKnownFileType = folder.assetcatalog; path = Assets.xcassets; sourceTree = "<group>"; };
		18EEAF36263D704B00B4672D /* Base */ = {isa = PBXFileReference; lastKnownFileType = file.storyboard; name = Base; path = Base.lproj/LaunchScreen.storyboard; sourceTree = "<group>"; };
		18EEAF38263D704B00B4672D /* Info.plist */ = {isa = PBXFileReference; lastKnownFileType = text.plist.xml; path = Info.plist; sourceTree = "<group>"; };
/* End PBXFileReference section */

/* Begin PBXFrameworksBuildPhase section */
		18EEAF24263D704600B4672D /* Frameworks */ = {
			isa = PBXFrameworksBuildPhase;
			buildActionMask = 2147483647;
			files = (
			);
			runOnlyForDeploymentPostprocessing = 0;
		};
/* End PBXFrameworksBuildPhase section */

/* Begin PBXGroup section */
		18EEAF1E263D704600B4672D = {
			isa = PBXGroup;
			children = (
				18EEAF29263D704600B4672D /* PrimeVideo */,
				18EEAF28263D704600B4672D /* Products */,
			);
			sourceTree = "<group>";
		};
		18EEAF28263D704600B4672D /* Products */ = {
			isa = PBXGroup;
			children = (
				18EEAF27263D704600B4672D /* PrimeVideo.app */,
			);
			name = Products;
			sourceTree = "<group>";
		};
		18EEAF29263D704600B4672D /* PrimeVideo */ = {
			isa = PBXGroup;
			children = (
				18EEAF2A263D704600B4672D /* AppDelegate.swift */,
				18EEAF2C263D704600B4672D /* SceneDelegate.swift */,
				18EEAF2E263D704600B4672D /* HomeVC.swift */,
				184D268E263DA613006AC0E2 /* FindVC.swift */,
				184D2691263DA631006AC0E2 /* DownloadsVC.swift */,
				184D2694263DA643006AC0E2 /* MyStuffVC.swift */,
				18EEAF30263D704600B4672D /* Main.storyboard */,
				18EEAF33263D704B00B4672D /* Assets.xcassets */,
				18EEAF35263D704B00B4672D /* LaunchScreen.storyboard */,
				18EEAF38263D704B00B4672D /* Info.plist */,
			);
			path = PrimeVideo;
			sourceTree = "<group>";
		};
/* End PBXGroup section */

/* Begin PBXNativeTarget section */
		18EEAF26263D704600B4672D /* PrimeVideo */ = {
			isa = PBXNativeTarget;
			buildConfigurationList = 18EEAF3B263D704B00B4672D /* Build configuration list for PBXNativeTarget "PrimeVideo" */;
			buildPhases = (
				18EEAF23263D704600B4672D /* Sources */,
				18EEAF24263D704600B4672D /* Frameworks */,
				18EEAF25263D704600B4672D /* Resources */,
			);
			buildRules = (
			);
			dependencies = (
			);
			name = PrimeVideo;
			productName = PrimeVideo;
			productReference = 18EEAF27263D704600B4672D /* PrimeVideo.app */;
			productType = "com.apple.product-type.application";
		};
/* End PBXNativeTarget section */

/* Begin PBXProject section */
		18EEAF1F263D704600B4672D /* Project object */ = {
			isa = PBXProject;
			attributes = {
				LastSwiftUpdateCheck = 1230;
				LastUpgradeCheck = 1230;
				TargetAttributes = {
					18EEAF26263D704600B4672D = {
						CreatedOnToolsVersion = 12.3;
					};
				};
			};
			buildConfigurationList = 18EEAF22263D704600B4672D /* Build configuration list for PBXProject "PrimeVideo" */;
			compatibilityVersion = "Xcode 9.3";
			developmentRegion = en;
			hasScannedForEncodings = 0;
			knownRegions = (
				en,
				Base,
			);
			mainGroup = 18EEAF1E263D704600B4672D;
			productRefGroup = 18EEAF28263D704600B4672D /* Products */;
			projectDirPath = "";
			projectRoot = "";
			targets = (
				18EEAF26263D704600B4672D /* PrimeVideo */,
			);
		};
/* End PBXProject section */

/* Begin PBXResourcesBuildPhase section */
		18EEAF25263D704600B4672D /* Resources */ = {
			isa = PBXResourcesBuildPhase;
			buildActionMask = 2147483647;
			files = (
				18EEAF37263D704B00B4672D /* LaunchScreen.storyboard in Resources */,
				18EEAF34263D704B00B4672D /* Assets.xcassets in Resources */,
				18EEAF32263D704600B4672D /* Main.storyboard in Resources */,
			);
			runOnlyForDeploymentPostprocessing = 0;
		};
/* End PBXResourcesBuildPhase section */

/* Begin PBXSourcesBuildPhase section */
		18EEAF23263D704600B4672D /* Sources */ = {
			isa = PBXSourcesBuildPhase;
			buildActionMask = 2147483647;
			files = (
				18EEAF2F263D704600B4672D /* HomeVC.swift in Sources */,
				184D2695263DA643006AC0E2 /* MyStuffVC.swift in Sources */,
				184D268F263DA613006AC0E2 /* FindVC.swift in Sources */,
				18EEAF2B263D704600B4672D /* AppDelegate.swift in Sources */,
				18EEAF2D263D704600B4672D /* SceneDelegate.swift in Sources */,
				184D2692263DA631006AC0E2 /* DownloadsVC.swift in Sources */,
			);
			runOnlyForDeploymentPostprocessing = 0;
		};
/* End PBXSourcesBuildPhase section */

/* Begin PBXVariantGroup section */
		18EEAF30263D704600B4672D /* Main.storyboard */ = {
			isa = PBXVariantGroup;
			children = (
				18EEAF31263D704600B4672D /* Base */,
			);
			name = Main.storyboard;
			sourceTree = "<group>";
		};
		18EEAF35263D704B00B4672D /* LaunchScreen.storyboard */ = {
			isa = PBXVariantGroup;
			children = (
				18EEAF36263D704B00B4672D /* Base */,
			);
			name = LaunchScreen.storyboard;
			sourceTree = "<group>";
		};
/* End PBXVariantGroup section */

/* Begin XCBuildConfiguration section */
		18EEAF39263D704B00B4672D /* Debug */ = {
			isa = XCBuildConfiguration;
			buildSettings = {
				ALWAYS_SEARCH_USER_PATHS = NO;
				CLANG_ANALYZER_NONNULL = YES;
				CLANG_ANALYZER_NUMBER_OBJECT_CONVERSION = YES_AGGRESSIVE;
				CLANG_CXX_LANGUAGE_STANDARD = "gnu++14";
				CLANG_CXX_LIBRARY = "libc++";
				CLANG_ENABLE_MODULES = YES;
				CLANG_ENABLE_OBJC_ARC = YES;
				CLANG_ENABLE_OBJC_WEAK = YES;
				CLANG_WARN_BLOCK_CAPTURE_AUTORELEASING = YES;
				CLANG_WARN_BOOL_CONVERSION = YES;
				CLANG_WARN_COMMA = YES;
				CLANG_WARN_CONSTANT_CONVERSION = YES;
				CLANG_WARN_DEPRECATED_OBJC_IMPLEMENTATIONS = YES;
				CLANG_WARN_DIRECT_OBJC_ISA_USAGE = YES_ERROR;
				CLANG_WARN_DOCUMENTATION_COMMENTS = YES;
				CLANG_WARN_EMPTY_BODY = YES;
				CLANG_WARN_ENUM_CONVERSION = YES;
				CLANG_WARN_INFINITE_RECURSION = YES;
				CLANG_WARN_INT_CONVERSION = YES;
				CLANG_WARN_NON_LITERAL_NULL_CONVERSION = YES;
				CLANG_WARN_OBJC_IMPLICIT_RETAIN_SELF = YES;
				CLANG_WARN_OBJC_LITERAL_CONVERSION = YES;
				CLANG_WARN_OBJC_ROOT_CLASS = YES_ERROR;
				CLANG_WARN_QUOTED_INCLUDE_IN_FRAMEWORK_HEADER = YES;
				CLANG_WARN_RANGE_LOOP_ANALYSIS = YES;
				CLANG_WARN_STRICT_PROTOTYPES = YES;
				CLANG_WARN_SUSPICIOUS_MOVE = YES;
				CLANG_WARN_UNGUARDED_AVAILABILITY = YES_AGGRESSIVE;
				CLANG_WARN_UNREACHABLE_CODE = YES;
				CLANG_WARN__DUPLICATE_METHOD_MATCH = YES;
				COPY_PHASE_STRIP = NO;
				DEBUG_INFORMATION_FORMAT = dwarf;
				ENABLE_STRICT_OBJC_MSGSEND = YES;
				ENABLE_TESTABILITY = YES;
				GCC_C_LANGUAGE_STANDARD = gnu11;
				GCC_DYNAMIC_NO_PIC = NO;
				GCC_NO_COMMON_BLOCKS = YES;
				GCC_OPTIMIZATION_LEVEL = 0;
				GCC_PREPROCESSOR_DEFINITIONS = (
					"DEBUG=1",
					"$(inherited)",
				);
				GCC_WARN_64_TO_32_BIT_CONVERSION = YES;
				GCC_WARN_ABOUT_RETURN_TYPE = YES_ERROR;
				GCC_WARN_UNDECLARED_SELECTOR = YES;
				GCC_WARN_UNINITIALIZED_AUTOS = YES_AGGRESSIVE;
				GCC_WARN_UNUSED_FUNCTION = YES;
				GCC_WARN_UNUSED_VARIABLE = YES;
				IPHONEOS_DEPLOYMENT_TARGET = 14.3;
				MTL_ENABLE_DEBUG_INFO = INCLUDE_SOURCE;
				MTL_FAST_MATH = YES;
				ONLY_ACTIVE_ARCH = YES;
				SDKROOT = iphoneos;
				SWIFT_ACTIVE_COMPILATION_CONDITIONS = DEBUG;
				SWIFT_OPTIMIZATION_LEVEL = "-Onone";
			};
			name = Debug;
		};
		18EEAF3A263D704B00B4672D /* Release */ = {
			isa = XCBuildConfiguration;
			buildSettings = {
				ALWAYS_SEARCH_USER_PATHS = NO;
				CLANG_ANALYZER_NONNULL = YES;
				CLANG_ANALYZER_NUMBER_OBJECT_CONVERSION = YES_AGGRESSIVE;
				CLANG_CXX_LANGUAGE_STANDARD = "gnu++14";
				CLANG_CXX_LIBRARY = "libc++";
				CLANG_ENABLE_MODULES = YES;
				CLANG_ENABLE_OBJC_ARC = YES;
				CLANG_ENABLE_OBJC_WEAK = YES;
				CLANG_WARN_BLOCK_CAPTURE_AUTORELEASING = YES;
				CLANG_WARN_BOOL_CONVERSION = YES;
				CLANG_WARN_COMMA = YES;
				CLANG_WARN_CONSTANT_CONVERSION = YES;
				CLANG_WARN_DEPRECATED_OBJC_IMPLEMENTATIONS = YES;
				CLANG_WARN_DIRECT_OBJC_ISA_USAGE = YES_ERROR;
				CLANG_WARN_DOCUMENTATION_COMMENTS = YES;
				CLANG_WARN_EMPTY_BODY = YES;
				CLANG_WARN_ENUM_CONVERSION = YES;
				CLANG_WARN_INFINITE_RECURSION = YES;
				CLANG_WARN_INT_CONVERSION = YES;
				CLANG_WARN_NON_LITERAL_NULL_CONVERSION = YES;
				CLANG_WARN_OBJC_IMPLICIT_RETAIN_SELF = YES;
				CLANG_WARN_OBJC_LITERAL_CONVERSION = YES;
				CLANG_WARN_OBJC_ROOT_CLASS = YES_ERROR;
				CLANG_WARN_QUOTED_INCLUDE_IN_FRAMEWORK_HEADER = YES;
				CLANG_WARN_RANGE_LOOP_ANALYSIS = YES;
				CLANG_WARN_STRICT_PROTOTYPES = YES;
				CLANG_WARN_SUSPICIOUS_MOVE = YES;
				CLANG_WARN_UNGUARDED_AVAILABILITY = YES_AGGRESSIVE;
				CLANG_WARN_UNREACHABLE_CODE = YES;
				CLANG_WARN__DUPLICATE_METHOD_MATCH = YES;
				COPY_PHASE_STRIP = NO;
				DEBUG_INFORMATION_FORMAT = "dwarf-with-dsym";
				ENABLE_NS_ASSERTIONS = NO;
				ENABLE_STRICT_OBJC_MSGSEND = YES;
				GCC_C_LANGUAGE_STANDARD = gnu11;
				GCC_NO_COMMON_BLOCKS = YES;
				GCC_WARN_64_TO_32_BIT_CONVERSION = YES;
				GCC_WARN_ABOUT_RETURN_TYPE = YES_ERROR;
				GCC_WARN_UNDECLARED_SELECTOR = YES;
				GCC_WARN_UNINITIALIZED_AUTOS = YES_AGGRESSIVE;
				GCC_WARN_UNUSED_FUNCTION = YES;
				GCC_WARN_UNUSED_VARIABLE = YES;
				IPHONEOS_DEPLOYMENT_TARGET = 14.3;
				MTL_ENABLE_DEBUG_INFO = NO;
				MTL_FAST_MATH = YES;
				SDKROOT = iphoneos;
				SWIFT_COMPILATION_MODE = wholemodule;
				SWIFT_OPTIMIZATION_LEVEL = "-O";
				VALIDATE_PRODUCT = YES;
			};
			name = Release;
		};
		18EEAF3C263D704B00B4672D /* Debug */ = {
			isa = XCBuildConfiguration;
			buildSettings = {
				ASSETCATALOG_COMPILER_APPICON_NAME = AppIcon;
				ASSETCATALOG_COMPILER_GLOBAL_ACCENT_COLOR_NAME = AccentColor;
				CODE_SIGN_STYLE = Automatic;
				INFOPLIST_FILE = PrimeVideo/Info.plist;
				LD_RUNPATH_SEARCH_PATHS = (
					"$(inherited)",
					"@executable_path/Frameworks",
				);
				PRODUCT_BUNDLE_IDENTIFIER = com.TryCatch.PrimeVideo;
				PRODUCT_NAME = "$(TARGET_NAME)";
				SWIFT_VERSION = 5.0;
				TARGETED_DEVICE_FAMILY = "1,2";
			};
			name = Debug;
		};
		18EEAF3D263D704B00B4672D /* Release */ = {
			isa = XCBuildConfiguration;
			buildSettings = {
				ASSETCATALOG_COMPILER_APPICON_NAME = AppIcon;
				ASSETCATALOG_COMPILER_GLOBAL_ACCENT_COLOR_NAME = AccentColor;
				CODE_SIGN_STYLE = Automatic;
				INFOPLIST_FILE = PrimeVideo/Info.plist;
				LD_RUNPATH_SEARCH_PATHS = (
					"$(inherited)",
					"@executable_path/Frameworks",
				);
				PRODUCT_BUNDLE_IDENTIFIER = com.TryCatch.PrimeVideo;
				PRODUCT_NAME = "$(TARGET_NAME)";
				SWIFT_VERSION = 5.0;
				TARGETED_DEVICE_FAMILY = "1,2";
			};
			name = Release;
		};
/* End XCBuildConfiguration section */

/* Begin XCConfigurationList section */
		18EEAF22263D704600B4672D /* Build configuration list for PBXProject "PrimeVideo" */ = {
			isa = XCConfigurationList;
			buildConfigurations = (
				18EEAF39263D704B00B4672D /* Debug */,
				18EEAF3A263D704B00B4672D /* Release */,
			);
			defaultConfigurationIsVisible = 0;
			defaultConfigurationName = Release;
		};
		18EEAF3B263D704B00B4672D /* Build configuration list for PBXNativeTarget "PrimeVideo" */ = {
			isa = XCConfigurationList;
			buildConfigurations = (
				18EEAF3C263D704B00B4672D /* Debug */,
				18EEAF3D263D704B00B4672D /* Release */,
			);
			defaultConfigurationIsVisible = 0;
			defaultConfigurationName = Release;
		};
/* End XCConfigurationList section */
	};
	rootObject = 18EEAF1F263D704600B4672D /* Project object */;
}
